
Microsoft Visual Studio Solution File, Format Version 12.00
# Visual Studio 15
VisualStudioVersion = 15.0.27428.2005
MinimumVisualStudioVersion = 10.0.40219.1
Project("{F184B08F-C81C-45F6-A57F-5ABD9991F28F}") = "Lab11MedianCalculator", "Lab11MedianCalculator\Lab11MedianCalculator.vbproj", "{EAEFB9A0-DFCB-47E3-B20F-6264298897C4}"
EndProject
Global
	GlobalSection(SolutionConfigurationPlatforms) = preSolution
		Debug|Any CPU = Debug|Any CPU
		Release|Any CPU = Release|Any CPU
	EndGlobalSection
	GlobalSection(ProjectConfigurationPlatforms) = postSolution
		{EAEFB9A0-DFCB-47E3-B20F-6264298897C4}.Debug|Any CPU.ActiveCfg = Debug|Any CPU
		{EAEFB9A0-DFCB-47E3-B20F-6264298897C4}.Debug|Any CPU.Build.0 = Debug|Any CPU
		{EAEFB9A0-DFCB-47E3-B20F-6264298897C4}.Release|Any CPU.ActiveCfg = Release|Any CPU
		{EAEFB9A0-DFCB-47E3-B20F-6264298897C4}.Release|Any CPU.Build.0 = Release|Any CPU
	EndGlobalSection
	GlobalSection(SolutionProperties) = preSolution
		HideSolutionNode = FALSE
	EndGlobalSection
	GlobalSection(ExtensibilityGlobals) = postSolution
		SolutionGuid = {1D6B9AD1-E4E1-448C-B79A-D2B05A077E3D}
	EndGlobalSection
EndGlobal
