
Microsoft Visual Studio Solution File, Format Version 12.00
# Visual Studio 14
VisualStudioVersion = 14.0.25420.1
MinimumVisualStudioVersion = 10.0.40219.1
Project("{F184B08F-C81C-45F6-A57F-5ABD9991F28F}") = "Lab03-States", "Lab03-States\Lab03-States.vbproj", "{2CC20A38-2526-4F1F-834E-6057945A094C}"
EndProject
Global
	GlobalSection(SolutionConfigurationPlatforms) = preSolution
		Debug|Any CPU = Debug|Any CPU
		Release|Any CPU = Release|Any CPU
	EndGlobalSection
	GlobalSection(ProjectConfigurationPlatforms) = postSolution
		{2CC20A38-2526-4F1F-834E-6057945A094C}.Debug|Any CPU.ActiveCfg = Debug|Any CPU
		{2CC20A38-2526-4F1F-834E-6057945A094C}.Debug|Any CPU.Build.0 = Debug|Any CPU
		{2CC20A38-2526-4F1F-834E-6057945A094C}.Release|Any CPU.ActiveCfg = Release|Any CPU
		{2CC20A38-2526-4F1F-834E-6057945A094C}.Release|Any CPU.Build.0 = Release|Any CPU
	EndGlobalSection
	GlobalSection(SolutionProperties) = preSolution
		HideSolutionNode = FALSE
	EndGlobalSection
EndGlobal
